{
  "name": "workout-models",
  "version": "0.0.1",
  "lockfileVersion": 1,
  "requires": true,
  "dependencies": {
    "workout-utils": {
      "version": "git+https://github.com/durangatan/workout-utils.git#3ebe6df7f8ab92f26e526f1c1e311932ebcfdb68",
      "from": "git+https://github.com/durangatan/workout-utils.git"
    }
  }
}
